PODS:
  - Kiwi (2.2.4):
    - Kiwi/SenTestingKit
  - Kiwi/ARC (2.2.4)
  - Kiwi/NonARC (2.2.4)
  - Kiwi/SenTestingKit (2.2.4):
    - Kiwi/ARC
    - Kiwi/NonARC
  - OCHamcrest (4.0.1)

DEPENDENCIES:
  - Kiwi
  - OCHamcrest

SPEC CHECKSUMS:
  Kiwi: c73667f2b84cbf36f1a3830267c5a4ae8dcbd8ba
  OCHamcrest: b464725bbb48d0f1cd9c6f4ec3cb35fe0c4f2b94

COCOAPODS: 0.33.1
